
Microsoft Visual Studio Solution File, Format Version 12.00
# Visual Studio Version 17
VisualStudioVersion = 17.0.31903.59
MinimumVisualStudioVersion = 10.0.40219.1
Project("{2150E333-8FDC-42A3-9474-1A3956D46DE8}") = "src", "src", "{E9E7B667-75FD-4830-A4FE-43D48C83CC94}"
EndProject
Project("{FAE04EC0-301F-11D3-BF4B-00C04F79EFBC}") = "Notifier.API", "src\Notifier.API\Notifier.API.csproj", "{1FBDCEEC-F7AC-4DA0-A57A-9B26D1A91123}"
EndProject
Project("{FAE04EC0-301F-11D3-BF4B-00C04F79EFBC}") = "Notifier.Application", "src\Notifier.Application\Notifier.Application.csproj", "{FD7DBE79-0C58-4D9D-8300-A5B22D100327}"
EndProject
Project("{FAE04EC0-301F-11D3-BF4B-00C04F79EFBC}") = "Notifier.Domain", "src\Notifier.Domain\Notifier.Domain.csproj", "{EB951800-B4CA-42FB-82A3-900D8488A26C}"
EndProject
Project("{FAE04EC0-301F-11D3-BF4B-00C04F79EFBC}") = "Notifier.Infrastructure", "src\Notifier.Infrastructure\Notifier.Infrastructure.csproj", "{64D49592-25E1-45A0-85FD-AA4A24A68080}"
EndProject
Global
	GlobalSection(SolutionConfigurationPlatforms) = preSolution
		Debug|Any CPU = Debug|Any CPU
		Release|Any CPU = Release|Any CPU
	EndGlobalSection
	GlobalSection(SolutionProperties) = preSolution
		HideSolutionNode = FALSE
	EndGlobalSection
	GlobalSection(ProjectConfigurationPlatforms) = postSolution
		{1FBDCEEC-F7AC-4DA0-A57A-9B26D1A91123}.Debug|Any CPU.ActiveCfg = Debug|Any CPU
		{1FBDCEEC-F7AC-4DA0-A57A-9B26D1A91123}.Debug|Any CPU.Build.0 = Debug|Any CPU
		{1FBDCEEC-F7AC-4DA0-A57A-9B26D1A91123}.Release|Any CPU.ActiveCfg = Release|Any CPU
		{1FBDCEEC-F7AC-4DA0-A57A-9B26D1A91123}.Release|Any CPU.Build.0 = Release|Any CPU
		{FD7DBE79-0C58-4D9D-8300-A5B22D100327}.Debug|Any CPU.ActiveCfg = Debug|Any CPU
		{FD7DBE79-0C58-4D9D-8300-A5B22D100327}.Debug|Any CPU.Build.0 = Debug|Any CPU
		{FD7DBE79-0C58-4D9D-8300-A5B22D100327}.Release|Any CPU.ActiveCfg = Release|Any CPU
		{FD7DBE79-0C58-4D9D-8300-A5B22D100327}.Release|Any CPU.Build.0 = Release|Any CPU
		{EB951800-B4CA-42FB-82A3-900D8488A26C}.Debug|Any CPU.ActiveCfg = Debug|Any CPU
		{EB951800-B4CA-42FB-82A3-900D8488A26C}.Debug|Any CPU.Build.0 = Debug|Any CPU
		{EB951800-B4CA-42FB-82A3-900D8488A26C}.Release|Any CPU.ActiveCfg = Release|Any CPU
		{EB951800-B4CA-42FB-82A3-900D8488A26C}.Release|Any CPU.Build.0 = Release|Any CPU
		{64D49592-25E1-45A0-85FD-AA4A24A68080}.Debug|Any CPU.ActiveCfg = Debug|Any CPU
		{64D49592-25E1-45A0-85FD-AA4A24A68080}.Debug|Any CPU.Build.0 = Debug|Any CPU
		{64D49592-25E1-45A0-85FD-AA4A24A68080}.Release|Any CPU.ActiveCfg = Release|Any CPU
		{64D49592-25E1-45A0-85FD-AA4A24A68080}.Release|Any CPU.Build.0 = Release|Any CPU
	EndGlobalSection
	GlobalSection(NestedProjects) = preSolution
		{1FBDCEEC-F7AC-4DA0-A57A-9B26D1A91123} = {E9E7B667-75FD-4830-A4FE-43D48C83CC94}
		{FD7DBE79-0C58-4D9D-8300-A5B22D100327} = {E9E7B667-75FD-4830-A4FE-43D48C83CC94}
		{EB951800-B4CA-42FB-82A3-900D8488A26C} = {E9E7B667-75FD-4830-A4FE-43D48C83CC94}
		{64D49592-25E1-45A0-85FD-AA4A24A68080} = {E9E7B667-75FD-4830-A4FE-43D48C83CC94}
	EndGlobalSection
EndGlobal
